
Microsoft Visual Studio Solution File, Format Version 12.00
# Visual Studio Version 17
VisualStudioVersion = 17.4.33110.190
MinimumVisualStudioVersion = 10.0.40219.1
Project("{FAE04EC0-301F-11D3-BF4B-00C04F79EFBC}") = "Product.API", "Product.API\Product.API.csproj", "{6002146E-ADC7-44FA-B35F-2F7F61F3A05B}"
EndProject
Global
	GlobalSection(SolutionConfigurationPlatforms) = preSolution
		Debug|Any CPU = Debug|Any CPU
		Release|Any CPU = Release|Any CPU
	EndGlobalSection
	GlobalSection(ProjectConfigurationPlatforms) = postSolution
		{6002146E-ADC7-44FA-B35F-2F7F61F3A05B}.Debug|Any CPU.ActiveCfg = Debug|Any CPU
		{6002146E-ADC7-44FA-B35F-2F7F61F3A05B}.Debug|Any CPU.Build.0 = Debug|Any CPU
		{6002146E-ADC7-44FA-B35F-2F7F61F3A05B}.Release|Any CPU.ActiveCfg = Release|Any CPU
		{6002146E-ADC7-44FA-B35F-2F7F61F3A05B}.Release|Any CPU.Build.0 = Release|Any CPU
	EndGlobalSection
	GlobalSection(SolutionProperties) = preSolution
		HideSolutionNode = FALSE
	EndGlobalSection
	GlobalSection(ExtensibilityGlobals) = postSolution
		SolutionGuid = {57AF20FB-C247-415A-B579-547CC03CA8A8}
	EndGlobalSection
EndGlobal
